{
  "name": "@devjinung41/gemini-commit-generator",
  "version": "2.1.2",
  "lockfileVersion": 3,
  "requires": true,
  "packages": {
    "": {
      "name": "@devjinung41/gemini-commit-generator",
      "version": "2.1.2",
      "license": "MIT",
      "bin": {
        "gcg": "index.js"
      },
      "engines": {
        "node": ">=18.0.0"
      }
    }
  }
}
