{
  "name": "@devjinung41/gemini-commit-generator",
  "version": "1.0.4",
  "lockfileVersion": 3,
  "requires": true,
  "packages": {
    "": {
      "name": "@devjinung41/gemini-commit-generator",
      "version": "1.0.4",
      "license": "MIT",
      "dependencies": {
        "@devjinung41/gemini-commit-generator": "^1.0.0"
      },
      "bin": {
        "gcg": "index.js"
      },
      "engines": {
        "node": ">=14.0.0"
      }
    },
    "node_modules/@devjinung41/gemini-commit-generator": {
      "version": "1.0.0",
      "resolved": "https://registry.npmjs.org/@devjinung41/gemini-commit-generator/-/gemini-commit-generator-1.0.0.tgz",
      "integrity": "sha512-QBkGao49NS/JLrEC/jWDWVixioVo3dcBF5mo6foh1BdKXfa7AwM19JkWRFMCU/IPBfxOxM8ZsgDpt3GsYSZ+uA==",
      "license": "MIT",
      "bin": {
        "gcg": "index.js"
      },
      "engines": {
        "node": ">=14.0.0"
      }
    }
  }
}
